// !$*UTF8*$!
{
	archiveVersion = 1;
	classes = {
	};
	objectVersion = 56;
	objects = {

/* Begin PBXBuildFile section */
		3E6545892C546ED000E8A5E7 /* Landmark.swift in Sources */ = {isa = PBXBuildFile; fileRef = 3E6545882C546ED000E8A5E7 /* Landmark.swift */; };
		3E65458D2C54785F00E8A5E7 /* landmarkData.swift in Sources */ = {isa = PBXBuildFile; fileRef = 3E65458C2C54785F00E8A5E7 /* landmarkData.swift */; };
		3E65458F2C547DCE00E8A5E7 /* landmarkData.json in Resources */ = {isa = PBXBuildFile; fileRef = 3E65458E2C547DCE00E8A5E7 /* landmarkData.json */; };
		3E6545952C54801F00E8A5E7 /* LandmarkRow.swift in Sources */ = {isa = PBXBuildFile; fileRef = 3E6545942C54801F00E8A5E7 /* LandmarkRow.swift */; };
		3E6545972C54876900E8A5E7 /* LandmarkList.swift in Sources */ = {isa = PBXBuildFile; fileRef = 3E6545962C54876900E8A5E7 /* LandmarkList.swift */; };
		3E8729CD2C4BA8F300EDB658 /* LandmarksApp.swift in Sources */ = {isa = PBXBuildFile; fileRef = 3E8729CC2C4BA8F300EDB658 /* LandmarksApp.swift */; };
		3E8729CF2C4BA8F300EDB658 /* ContentView.swift in Sources */ = {isa = PBXBuildFile; fileRef = 3E8729CE2C4BA8F300EDB658 /* ContentView.swift */; };
		3E8729D12C4BA8F400EDB658 /* Assets.xcassets in Resources */ = {isa = PBXBuildFile; fileRef = 3E8729D02C4BA8F400EDB658 /* Assets.xcassets */; };
		3E8729D42C4BA8F400EDB658 /* Preview Assets.xcassets in Resources */ = {isa = PBXBuildFile; fileRef = 3E8729D32C4BA8F400EDB658 /* Preview Assets.xcassets */; };
		3E8729DE2C4BA8F400EDB658 /* LandmarksTests.swift in Sources */ = {isa = PBXBuildFile; fileRef = 3E8729DD2C4BA8F400EDB658 /* LandmarksTests.swift */; };
		3E8729E82C4BA8F400EDB658 /* LandmarksUITests.swift in Sources */ = {isa = PBXBuildFile; fileRef = 3E8729E72C4BA8F400EDB658 /* LandmarksUITests.swift */; };
		3E8729EA2C4BA8F400EDB658 /* LandmarksUITestsLaunchTests.swift in Sources */ = {isa = PBXBuildFile; fileRef = 3E8729E92C4BA8F400EDB658 /* LandmarksUITestsLaunchTests.swift */; };
		3E8729F72C4BB72600EDB658 /* CircleImage.swift in Sources */ = {isa = PBXBuildFile; fileRef = 3E8729F62C4BB72600EDB658 /* CircleImage.swift */; };
		3E8729F92C4BB96900EDB658 /* MapView.swift in Sources */ = {isa = PBXBuildFile; fileRef = 3E8729F82C4BB96900EDB658 /* MapView.swift */; };
/* End PBXBuildFile section */

/* Begin PBXContainerItemProxy section */
		3E8729DA2C4BA8F400EDB658 /* PBXContainerItemProxy */ = {
			isa = PBXContainerItemProxy;
			containerPortal = 3E8729C12C4BA8F300EDB658 /* Project object */;
			proxyType = 1;
			remoteGlobalIDString = 3E8729C82C4BA8F300EDB658;
			remoteInfo = Landmarks;
		};
		3E8729E42C4BA8F400EDB658 /* PBXContainerItemProxy */ = {
			isa = PBXContainerItemProxy;
			containerPortal = 3E8729C12C4BA8F300EDB658 /* Project object */;
			proxyType = 1;
			remoteGlobalIDString = 3E8729C82C4BA8F300EDB658;
			remoteInfo = Landmarks;
		};
/* End PBXContainerItemProxy section */

/* Begin PBXFileReference section */
		3E6545882C546ED000E8A5E7 /* Landmark.swift */ = {isa = PBXFileReference; lastKnownFileType = sourcecode.swift; path = Landmark.swift; sourceTree = "<group>"; };
		3E65458C2C54785F00E8A5E7 /* landmarkData.swift */ = {isa = PBXFileReference; lastKnownFileType = sourcecode.swift; path = landmarkData.swift; sourceTree = "<group>"; };
		3E65458E2C547DCE00E8A5E7 /* landmarkData.json */ = {isa = PBXFileReference; fileEncoding = 4; lastKnownFileType = text.json; name = landmarkData.json; path = ../../../../Downloads/BuildingListsAndNavigation/Resources/landmarkData.json; sourceTree = "<group>"; };
		3E6545932C547FB700E8A5E7 /* landmarkData.json */ = {isa = PBXFileReference; lastKnownFileType = text.json; path = landmarkData.json; sourceTree = "<group>"; };
		3E6545942C54801F00E8A5E7 /* LandmarkRow.swift */ = {isa = PBXFileReference; lastKnownFileType = sourcecode.swift; path = LandmarkRow.swift; sourceTree = "<group>"; };
		3E6545962C54876900E8A5E7 /* LandmarkList.swift */ = {isa = PBXFileReference; lastKnownFileType = sourcecode.swift; path = LandmarkList.swift; sourceTree = "<group>"; };
		3E8729C92C4BA8F300EDB658 /* Landmarks.app */ = {isa = PBXFileReference; explicitFileType = wrapper.application; includeInIndex = 0; path = Landmarks.app; sourceTree = BUILT_PRODUCTS_DIR; };
		3E8729CC2C4BA8F300EDB658 /* LandmarksApp.swift */ = {isa = PBXFileReference; lastKnownFileType = sourcecode.swift; path = LandmarksApp.swift; sourceTree = "<group>"; };
		3E8729CE2C4BA8F300EDB658 /* ContentView.swift */ = {isa = PBXFileReference; lastKnownFileType = sourcecode.swift; path = ContentView.swift; sourceTree = "<group>"; };
		3E8729D02C4BA8F400EDB658 /* Assets.xcassets */ = {isa = PBXFileReference; lastKnownFileType = folder.assetcatalog; path = Assets.xcassets; sourceTree = "<group>"; };
		3E8729D32C4BA8F400EDB658 /* Preview Assets.xcassets */ = {isa = PBXFileReference; lastKnownFileType = folder.assetcatalog; path = "Preview Assets.xcassets"; sourceTree = "<group>"; };
		3E8729D92C4BA8F400EDB658 /* LandmarksTests.xctest */ = {isa = PBXFileReference; explicitFileType = wrapper.cfbundle; includeInIndex = 0; path = LandmarksTests.xctest; sourceTree = BUILT_PRODUCTS_DIR; };
		3E8729DD2C4BA8F400EDB658 /* LandmarksTests.swift */ = {isa = PBXFileReference; lastKnownFileType = sourcecode.swift; path = LandmarksTests.swift; sourceTree = "<group>"; };
		3E8729E32C4BA8F400EDB658 /* LandmarksUITests.xctest */ = {isa = PBXFileReference; explicitFileType = wrapper.cfbundle; includeInIndex = 0; path = LandmarksUITests.xctest; sourceTree = BUILT_PRODUCTS_DIR; };
		3E8729E72C4BA8F400EDB658 /* LandmarksUITests.swift */ = {isa = PBXFileReference; lastKnownFileType = sourcecode.swift; path = LandmarksUITests.swift; sourceTree = "<group>"; };
		3E8729E92C4BA8F400EDB658 /* LandmarksUITestsLaunchTests.swift */ = {isa = PBXFileReference; lastKnownFileType = sourcecode.swift; path = LandmarksUITestsLaunchTests.swift; sourceTree = "<group>"; };
		3E8729F62C4BB72600EDB658 /* CircleImage.swift */ = {isa = PBXFileReference; lastKnownFileType = sourcecode.swift; path = CircleImage.swift; sourceTree = "<group>"; };
		3E8729F82C4BB96900EDB658 /* MapView.swift */ = {isa = PBXFileReference; lastKnownFileType = sourcecode.swift; path = MapView.swift; sourceTree = "<group>"; };
/* End PBXFileReference section */

/* Begin PBXFrameworksBuildPhase section */
		3E8729C62C4BA8F300EDB658 /* Frameworks */ = {
			isa = PBXFrameworksBuildPhase;
			buildActionMask = 2147483647;
			files = (
			);
			runOnlyForDeploymentPostprocessing = 0;
		};
		3E8729D62C4BA8F400EDB658 /* Frameworks */ = {
			isa = PBXFrameworksBuildPhase;
			buildActionMask = 2147483647;
			files = (
			);
			runOnlyForDeploymentPostprocessing = 0;
		};
		3E8729E02C4BA8F400EDB658 /* Frameworks */ = {
			isa = PBXFrameworksBuildPhase;
			buildActionMask = 2147483647;
			files = (
			);
			runOnlyForDeploymentPostprocessing = 0;
		};
/* End PBXFrameworksBuildPhase section */

/* Begin PBXGroup section */
		3E6545902C547E2E00E8A5E7 /* Model */ = {
			isa = PBXGroup;
			children = (
				3E65458C2C54785F00E8A5E7 /* landmarkData.swift */,
				3E6545882C546ED000E8A5E7 /* Landmark.swift */,
			);
			path = Model;
			sourceTree = "<group>";
		};
		3E6545912C547E3600E8A5E7 /* View */ = {
			isa = PBXGroup;
			children = (
				3E8729CE2C4BA8F300EDB658 /* ContentView.swift */,
				3E8729CC2C4BA8F300EDB658 /* LandmarksApp.swift */,
				3E8729F62C4BB72600EDB658 /* CircleImage.swift */,
				3E8729F82C4BB96900EDB658 /* MapView.swift */,
				3E6545942C54801F00E8A5E7 /* LandmarkRow.swift */,
				3E6545962C54876900E8A5E7 /* LandmarkList.swift */,
			);
			path = View;
			sourceTree = "<group>";
		};
		3E6545922C547FA800E8A5E7 /* Resource */ = {
			isa = PBXGroup;
			children = (
				3E6545932C547FB700E8A5E7 /* landmarkData.json */,
			);
			path = Resource;
			sourceTree = "<group>";
		};
		3E8729C02C4BA8F300EDB658 = {
			isa = PBXGroup;
			children = (
				3E8729CB2C4BA8F300EDB658 /* Landmarks */,
				3E8729DC2C4BA8F400EDB658 /* LandmarksTests */,
				3E8729E62C4BA8F400EDB658 /* LandmarksUITests */,
				3E8729CA2C4BA8F300EDB658 /* Products */,
			);
			sourceTree = "<group>";
		};
		3E8729CA2C4BA8F300EDB658 /* Products */ = {
			isa = PBXGroup;
			children = (
				3E8729C92C4BA8F300EDB658 /* Landmarks.app */,
				3E8729D92C4BA8F400EDB658 /* LandmarksTests.xctest */,
				3E8729E32C4BA8F400EDB658 /* LandmarksUITests.xctest */,
			);
			name = Products;
			sourceTree = "<group>";
		};
		3E8729CB2C4BA8F300EDB658 /* Landmarks */ = {
			isa = PBXGroup;
			children = (
				3E6545912C547E3600E8A5E7 /* View */,
				3E6545902C547E2E00E8A5E7 /* Model */,
				3E6545922C547FA800E8A5E7 /* Resource */,
				3E8729D02C4BA8F400EDB658 /* Assets.xcassets */,
				3E8729D22C4BA8F400EDB658 /* Preview Content */,
				3E65458E2C547DCE00E8A5E7 /* landmarkData.json */,
			);
			path = Landmarks;
			sourceTree = "<group>";
		};
		3E8729D22C4BA8F400EDB658 /* Preview Content */ = {
			isa = PBXGroup;
			children = (
				3E8729D32C4BA8F400EDB658 /* Preview Assets.xcassets */,
			);
			path = "Preview Content";
			sourceTree = "<group>";
		};
		3E8729DC2C4BA8F400EDB658 /* LandmarksTests */ = {
			isa = PBXGroup;
			children = (
				3E8729DD2C4BA8F400EDB658 /* LandmarksTests.swift */,
			);
			path = LandmarksTests;
			sourceTree = "<group>";
		};
		3E8729E62C4BA8F400EDB658 /* LandmarksUITests */ = {
			isa = PBXGroup;
			children = (
				3E8729E72C4BA8F400EDB658 /* LandmarksUITests.swift */,
				3E8729E92C4BA8F400EDB658 /* LandmarksUITestsLaunchTests.swift */,
			);
			path = LandmarksUITests;
			sourceTree = "<group>";
		};
/* End PBXGroup section */

/* Begin PBXNativeTarget section */
		3E8729C82C4BA8F300EDB658 /* Landmarks */ = {
			isa = PBXNativeTarget;
			buildConfigurationList = 3E8729ED2C4BA8F400EDB658 /* Build configuration list for PBXNativeTarget "Landmarks" */;
			buildPhases = (
				3E8729C52C4BA8F300EDB658 /* Sources */,
				3E8729C62C4BA8F300EDB658 /* Frameworks */,
				3E8729C72C4BA8F300EDB658 /* Resources */,
			);
			buildRules = (
			);
			dependencies = (
			);
			name = Landmarks;
			productName = Landmarks;
			productReference = 3E8729C92C4BA8F300EDB658 /* Landmarks.app */;
			productType = "com.apple.product-type.application";
		};
		3E8729D82C4BA8F400EDB658 /* LandmarksTests */ = {
			isa = PBXNativeTarget;
			buildConfigurationList = 3E8729F02C4BA8F400EDB658 /* Build configuration list for PBXNativeTarget "LandmarksTests" */;
			buildPhases = (
				3E8729D52C4BA8F400EDB658 /* Sources */,
				3E8729D62C4BA8F400EDB658 /* Frameworks */,
				3E8729D72C4BA8F400EDB658 /* Resources */,
			);
			buildRules = (
			);
			dependencies = (
				3E8729DB2C4BA8F400EDB658 /* PBXTargetDependency */,
			);
			name = LandmarksTests;
			productName = LandmarksTests;
			productReference = 3E8729D92C4BA8F400EDB658 /* LandmarksTests.xctest */;
			productType = "com.apple.product-type.bundle.unit-test";
		};
		3E8729E22C4BA8F400EDB658 /* LandmarksUITests */ = {
			isa = PBXNativeTarget;
			buildConfigurationList = 3E8729F32C4BA8F400EDB658 /* Build configuration list for PBXNativeTarget "LandmarksUITests" */;
			buildPhases = (
				3E8729DF2C4BA8F400EDB658 /* Sources */,
				3E8729E02C4BA8F400EDB658 /* Frameworks */,
				3E8729E12C4BA8F400EDB658 /* Resources */,
			);
			buildRules = (
			);
			dependencies = (
				3E8729E52C4BA8F400EDB658 /* PBXTargetDependency */,
			);
			name = LandmarksUITests;
			productName = LandmarksUITests;
			productReference = 3E8729E32C4BA8F400EDB658 /* LandmarksUITests.xctest */;
			productType = "com.apple.product-type.bundle.ui-testing";
		};
/* End PBXNativeTarget section */

/* Begin PBXProject section */
		3E8729C12C4BA8F300EDB658 /* Project object */ = {
			isa = PBXProject;
			attributes = {
				BuildIndependentTargetsInParallel = 1;
				LastSwiftUpdateCheck = 1500;
				LastUpgradeCheck = 1500;
				TargetAttributes = {
					3E8729C82C4BA8F300EDB658 = {
						CreatedOnToolsVersion = 15.0;
					};
					3E8729D82C4BA8F400EDB658 = {
						CreatedOnToolsVersion = 15.0;
						TestTargetID = 3E8729C82C4BA8F300EDB658;
					};
					3E8729E22C4BA8F400EDB658 = {
						CreatedOnToolsVersion = 15.0;
						TestTargetID = 3E8729C82C4BA8F300EDB658;
					};
				};
			};
			buildConfigurationList = 3E8729C42C4BA8F300EDB658 /* Build configuration list for PBXProject "Landmarks" */;
			compatibilityVersion = "Xcode 14.0";
			developmentRegion = en;
			hasScannedForEncodings = 0;
			knownRegions = (
				en,
				Base,
			);
			mainGroup = 3E8729C02C4BA8F300EDB658;
			productRefGroup = 3E8729CA2C4BA8F300EDB658 /* Products */;
			projectDirPath = "";
			projectRoot = "";
			targets = (
				3E8729C82C4BA8F300EDB658 /* Landmarks */,
				3E8729D82C4BA8F400EDB658 /* LandmarksTests */,
				3E8729E22C4BA8F400EDB658 /* LandmarksUITests */,
			);
		};
/* End PBXProject section */

/* Begin PBXResourcesBuildPhase section */
		3E8729C72C4BA8F300EDB658 /* Resources */ = {
			isa = PBXResourcesBuildPhase;
			buildActionMask = 2147483647;
			files = (
				3E8729D42C4BA8F400EDB658 /* Preview Assets.xcassets in Resources */,
				3E8729D12C4BA8F400EDB658 /* Assets.xcassets in Resources */,
				3E65458F2C547DCE00E8A5E7 /* landmarkData.json in Resources */,
			);
			runOnlyForDeploymentPostprocessing = 0;
		};
		3E8729D72C4BA8F400EDB658 /* Resources */ = {
			isa = PBXResourcesBuildPhase;
			buildActionMask = 2147483647;
			files = (
			);
			runOnlyForDeploymentPostprocessing = 0;
		};
		3E8729E12C4BA8F400EDB658 /* Resources */ = {
			isa = PBXResourcesBuildPhase;
			buildActionMask = 2147483647;
			files = (
			);
			runOnlyForDeploymentPostprocessing = 0;
		};
/* End PBXResourcesBuildPhase section */

/* Begin PBXSourcesBuildPhase section */
		3E8729C52C4BA8F300EDB658 /* Sources */ = {
			isa = PBXSourcesBuildPhase;
			buildActionMask = 2147483647;
			files = (
				3E8729CF2C4BA8F300EDB658 /* ContentView.swift in Sources */,
				3E65458D2C54785F00E8A5E7 /* landmarkData.swift in Sources */,
				3E8729F92C4BB96900EDB658 /* MapView.swift in Sources */,
				3E6545972C54876900E8A5E7 /* LandmarkList.swift in Sources */,
				3E8729CD2C4BA8F300EDB658 /* LandmarksApp.swift in Sources */,
				3E8729F72C4BB72600EDB658 /* CircleImage.swift in Sources */,
				3E6545952C54801F00E8A5E7 /* LandmarkRow.swift in Sources */,
				3E6545892C546ED000E8A5E7 /* Landmark.swift in Sources */,
			);
			runOnlyForDeploymentPostprocessing = 0;
		};
		3E8729D52C4BA8F400EDB658 /* Sources */ = {
			isa = PBXSourcesBuildPhase;
			buildActionMask = 2147483647;
			files = (
				3E8729DE2C4BA8F400EDB658 /* LandmarksTests.swift in Sources */,
			);
			runOnlyForDeploymentPostprocessing = 0;
		};
		3E8729DF2C4BA8F400EDB658 /* Sources */ = {
			isa = PBXSourcesBuildPhase;
			buildActionMask = 2147483647;
			files = (
				3E8729EA2C4BA8F400EDB658 /* LandmarksUITestsLaunchTests.swift in Sources */,
				3E8729E82C4BA8F400EDB658 /* LandmarksUITests.swift in Sources */,
			);
			runOnlyForDeploymentPostprocessing = 0;
		};
/* End PBXSourcesBuildPhase section */

/* Begin PBXTargetDependency section */
		3E8729DB2C4BA8F400EDB658 /* PBXTargetDependency */ = {
			isa = PBXTargetDependency;
			target = 3E8729C82C4BA8F300EDB658 /* Landmarks */;
			targetProxy = 3E8729DA2C4BA8F400EDB658 /* PBXContainerItemProxy */;
		};
		3E8729E52C4BA8F400EDB658 /* PBXTargetDependency */ = {
			isa = PBXTargetDependency;
			target = 3E8729C82C4BA8F300EDB658 /* Landmarks */;
			targetProxy = 3E8729E42C4BA8F400EDB658 /* PBXContainerItemProxy */;
		};
/* End PBXTargetDependency section */

/* Begin XCBuildConfiguration section */
		3E8729EB2C4BA8F400EDB658 /* Debug */ = {
			isa = XCBuildConfiguration;
			buildSettings = {
				ALWAYS_SEARCH_USER_PATHS = NO;
				ASSETCATALOG_COMPILER_GENERATE_SWIFT_ASSET_SYMBOL_EXTENSIONS = YES;
				CLANG_ANALYZER_NONNULL = YES;
				CLANG_ANALYZER_NUMBER_OBJECT_CONVERSION = YES_AGGRESSIVE;
				CLANG_CXX_LANGUAGE_STANDARD = "gnu++20";
				CLANG_ENABLE_MODULES = YES;
				CLANG_ENABLE_OBJC_ARC = YES;
				CLANG_ENABLE_OBJC_WEAK = YES;
				CLANG_WARN_BLOCK_CAPTURE_AUTORELEASING = YES;
				CLANG_WARN_BOOL_CONVERSION = YES;
				CLANG_WARN_COMMA = YES;
				CLANG_WARN_CONSTANT_CONVERSION = YES;
				CLANG_WARN_DEPRECATED_OBJC_IMPLEMENTATIONS = YES;
				CLANG_WARN_DIRECT_OBJC_ISA_USAGE = YES_ERROR;
				CLANG_WARN_DOCUMENTATION_COMMENTS = YES;
				CLANG_WARN_EMPTY_BODY = YES;
				CLANG_WARN_ENUM_CONVERSION = YES;
				CLANG_WARN_INFINITE_RECURSION = YES;
				CLANG_WARN_INT_CONVERSION = YES;
				CLANG_WARN_NON_LITERAL_NULL_CONVERSION = YES;
				CLANG_WARN_OBJC_IMPLICIT_RETAIN_SELF = YES;
				CLANG_WARN_OBJC_LITERAL_CONVERSION = YES;
				CLANG_WARN_OBJC_ROOT_CLASS = YES_ERROR;
				CLANG_WARN_QUOTED_INCLUDE_IN_FRAMEWORK_HEADER = YES;
				CLANG_WARN_RANGE_LOOP_ANALYSIS = YES;
				CLANG_WARN_STRICT_PROTOTYPES = YES;
				CLANG_WARN_SUSPICIOUS_MOVE = YES;
				CLANG_WARN_UNGUARDED_AVAILABILITY = YES_AGGRESSIVE;
				CLANG_WARN_UNREACHABLE_CODE = YES;
				CLANG_WARN__DUPLICATE_METHOD_MATCH = YES;
				COPY_PHASE_STRIP = NO;
				DEBUG_INFORMATION_FORMAT = dwarf;
				ENABLE_STRICT_OBJC_MSGSEND = YES;
				ENABLE_TESTABILITY = YES;
				ENABLE_USER_SCRIPT_SANDBOXING = YES;
				GCC_C_LANGUAGE_STANDARD = gnu17;
				GCC_DYNAMIC_NO_PIC = NO;
				GCC_NO_COMMON_BLOCKS = YES;
				GCC_OPTIMIZATION_LEVEL = 0;
				GCC_PREPROCESSOR_DEFINITIONS = (
					"DEBUG=1",
					"$(inherited)",
				);
				GCC_WARN_64_TO_32_BIT_CONVERSION = YES;
				GCC_WARN_ABOUT_RETURN_TYPE = YES_ERROR;
				GCC_WARN_UNDECLARED_SELECTOR = YES;
				GCC_WARN_UNINITIALIZED_AUTOS = YES_AGGRESSIVE;
				GCC_WARN_UNUSED_FUNCTION = YES;
				GCC_WARN_UNUSED_VARIABLE = YES;
				IPHONEOS_DEPLOYMENT_TARGET = 17.0;
				LOCALIZATION_PREFERS_STRING_CATALOGS = YES;
				MTL_ENABLE_DEBUG_INFO = INCLUDE_SOURCE;
				MTL_FAST_MATH = YES;
				ONLY_ACTIVE_ARCH = YES;
				SDKROOT = iphoneos;
				SWIFT_ACTIVE_COMPILATION_CONDITIONS = "DEBUG $(inherited)";
				SWIFT_OPTIMIZATION_LEVEL = "-Onone";
			};
			name = Debug;
		};
		3E8729EC2C4BA8F400EDB658 /* Release */ = {
			isa = XCBuildConfiguration;
			buildSettings = {
				ALWAYS_SEARCH_USER_PATHS = NO;
				ASSETCATALOG_COMPILER_GENERATE_SWIFT_ASSET_SYMBOL_EXTENSIONS = YES;
				CLANG_ANALYZER_NONNULL = YES;
				CLANG_ANALYZER_NUMBER_OBJECT_CONVERSION = YES_AGGRESSIVE;
				CLANG_CXX_LANGUAGE_STANDARD = "gnu++20";
				CLANG_ENABLE_MODULES = YES;
				CLANG_ENABLE_OBJC_ARC = YES;
				CLANG_ENABLE_OBJC_WEAK = YES;
				CLANG_WARN_BLOCK_CAPTURE_AUTORELEASING = YES;
				CLANG_WARN_BOOL_CONVERSION = YES;
				CLANG_WARN_COMMA = YES;
				CLANG_WARN_CONSTANT_CONVERSION = YES;
				CLANG_WARN_DEPRECATED_OBJC_IMPLEMENTATIONS = YES;
				CLANG_WARN_DIRECT_OBJC_ISA_USAGE = YES_ERROR;
				CLANG_WARN_DOCUMENTATION_COMMENTS = YES;
				CLANG_WARN_EMPTY_BODY = YES;
				CLANG_WARN_ENUM_CONVERSION = YES;
				CLANG_WARN_INFINITE_RECURSION = YES;
				CLANG_WARN_INT_CONVERSION = YES;
				CLANG_WARN_NON_LITERAL_NULL_CONVERSION = YES;
				CLANG_WARN_OBJC_IMPLICIT_RETAIN_SELF = YES;
				CLANG_WARN_OBJC_LITERAL_CONVERSION = YES;
				CLANG_WARN_OBJC_ROOT_CLASS = YES_ERROR;
				CLANG_WARN_QUOTED_INCLUDE_IN_FRAMEWORK_HEADER = YES;
				CLANG_WARN_RANGE_LOOP_ANALYSIS = YES;
				CLANG_WARN_STRICT_PROTOTYPES = YES;
				CLANG_WARN_SUSPICIOUS_MOVE = YES;
				CLANG_WARN_UNGUARDED_AVAILABILITY = YES_AGGRESSIVE;
				CLANG_WARN_UNREACHABLE_CODE = YES;
				CLANG_WARN__DUPLICATE_METHOD_MATCH = YES;
				COPY_PHASE_STRIP = NO;
				DEBUG_INFORMATION_FORMAT = "dwarf-with-dsym";
				ENABLE_NS_ASSERTIONS = NO;
				ENABLE_STRICT_OBJC_MSGSEND = YES;
				ENABLE_USER_SCRIPT_SANDBOXING = YES;
				GCC_C_LANGUAGE_STANDARD = gnu17;
				GCC_NO_COMMON_BLOCKS = YES;
				GCC_WARN_64_TO_32_BIT_CONVERSION = YES;
				GCC_WARN_ABOUT_RETURN_TYPE = YES_ERROR;
				GCC_WARN_UNDECLARED_SELECTOR = YES;
				GCC_WARN_UNINITIALIZED_AUTOS = YES_AGGRESSIVE;
				GCC_WARN_UNUSED_FUNCTION = YES;
				GCC_WARN_UNUSED_VARIABLE = YES;
				IPHONEOS_DEPLOYMENT_TARGET = 17.0;
				LOCALIZATION_PREFERS_STRING_CATALOGS = YES;
				MTL_ENABLE_DEBUG_INFO = NO;
				MTL_FAST_MATH = YES;
				SDKROOT = iphoneos;
				SWIFT_COMPILATION_MODE = wholemodule;
				VALIDATE_PRODUCT = YES;
			};
			name = Release;
		};
		3E8729EE2C4BA8F400EDB658 /* Debug */ = {
			isa = XCBuildConfiguration;
			buildSettings = {
				ASSETCATALOG_COMPILER_APPICON_NAME = AppIcon;
				ASSETCATALOG_COMPILER_GLOBAL_ACCENT_COLOR_NAME = AccentColor;
				CODE_SIGN_STYLE = Automatic;
				CURRENT_PROJECT_VERSION = 1;
				DEVELOPMENT_ASSET_PATHS = "\"Landmarks/Preview Content\"";
				DEVELOPMENT_TEAM = 7FHY9673Y8;
				ENABLE_PREVIEWS = YES;
				GENERATE_INFOPLIST_FILE = YES;
				INFOPLIST_KEY_UIApplicationSceneManifest_Generation = YES;
				INFOPLIST_KEY_UIApplicationSupportsIndirectInputEvents = YES;
				INFOPLIST_KEY_UILaunchScreen_Generation = YES;
				INFOPLIST_KEY_UISupportedInterfaceOrientations_iPad = "UIInterfaceOrientationPortrait UIInterfaceOrientationPortraitUpsideDown UIInterfaceOrientationLandscapeLeft UIInterfaceOrientationLandscapeRight";
				INFOPLIST_KEY_UISupportedInterfaceOrientations_iPhone = "UIInterfaceOrientationPortrait UIInterfaceOrientationLandscapeLeft UIInterfaceOrientationLandscapeRight";
				LD_RUNPATH_SEARCH_PATHS = (
					"$(inherited)",
					"@executable_path/Frameworks",
				);
				MARKETING_VERSION = 1.0;
				PRODUCT_BUNDLE_IDENTIFIER = Yasunari.Osakabe.Landmarks;
				PRODUCT_NAME = "$(TARGET_NAME)";
				SWIFT_EMIT_LOC_STRINGS = YES;
				SWIFT_VERSION = 5.0;
				TARGETED_DEVICE_FAMILY = "1,2";
			};
			name = Debug;
		};
		3E8729EF2C4BA8F400EDB658 /* Release */ = {
			isa = XCBuildConfiguration;
			buildSettings = {
				ASSETCATALOG_COMPILER_APPICON_NAME = AppIcon;
				ASSETCATALOG_COMPILER_GLOBAL_ACCENT_COLOR_NAME = AccentColor;
				CODE_SIGN_STYLE = Automatic;
				CURRENT_PROJECT_VERSION = 1;
				DEVELOPMENT_ASSET_PATHS = "\"Landmarks/Preview Content\"";
				DEVELOPMENT_TEAM = 7FHY9673Y8;
				ENABLE_PREVIEWS = YES;
				GENERATE_INFOPLIST_FILE = YES;
				INFOPLIST_KEY_UIApplicationSceneManifest_Generation = YES;
				INFOPLIST_KEY_UIApplicationSupportsIndirectInputEvents = YES;
				INFOPLIST_KEY_UILaunchScreen_Generation = YES;
				INFOPLIST_KEY_UISupportedInterfaceOrientations_iPad = "UIInterfaceOrientationPortrait UIInterfaceOrientationPortraitUpsideDown UIInterfaceOrientationLandscapeLeft UIInterfaceOrientationLandscapeRight";
				INFOPLIST_KEY_UISupportedInterfaceOrientations_iPhone = "UIInterfaceOrientationPortrait UIInterfaceOrientationLandscapeLeft UIInterfaceOrientationLandscapeRight";
				LD_RUNPATH_SEARCH_PATHS = (
					"$(inherited)",
					"@executable_path/Frameworks",
				);
				MARKETING_VERSION = 1.0;
				PRODUCT_BUNDLE_IDENTIFIER = Yasunari.Osakabe.Landmarks;
				PRODUCT_NAME = "$(TARGET_NAME)";
				SWIFT_EMIT_LOC_STRINGS = YES;
				SWIFT_VERSION = 5.0;
				TARGETED_DEVICE_FAMILY = "1,2";
			};
			name = Release;
		};
		3E8729F12C4BA8F400EDB658 /* Debug */ = {
			isa = XCBuildConfiguration;
			buildSettings = {
				ALWAYS_EMBED_SWIFT_STANDARD_LIBRARIES = YES;
				BUNDLE_LOADER = "$(TEST_HOST)";
				CODE_SIGN_STYLE = Automatic;
				CURRENT_PROJECT_VERSION = 1;
				DEVELOPMENT_TEAM = 7FHY9673Y8;
				GENERATE_INFOPLIST_FILE = YES;
				IPHONEOS_DEPLOYMENT_TARGET = 17.0;
				MARKETING_VERSION = 1.0;
				PRODUCT_BUNDLE_IDENTIFIER = Yasunari.Osakabe.LandmarksTests;
				PRODUCT_NAME = "$(TARGET_NAME)";
				SWIFT_EMIT_LOC_STRINGS = NO;
				SWIFT_VERSION = 5.0;
				TARGETED_DEVICE_FAMILY = "1,2";
				TEST_HOST = "$(BUILT_PRODUCTS_DIR)/Landmarks.app/$(BUNDLE_EXECUTABLE_FOLDER_PATH)/Landmarks";
			};
			name = Debug;
		};
		3E8729F22C4BA8F400EDB658 /* Release */ = {
			isa = XCBuildConfiguration;
			buildSettings = {
				ALWAYS_EMBED_SWIFT_STANDARD_LIBRARIES = YES;
				BUNDLE_LOADER = "$(TEST_HOST)";
				CODE_SIGN_STYLE = Automatic;
				CURRENT_PROJECT_VERSION = 1;
				DEVELOPMENT_TEAM = 7FHY9673Y8;
				GENERATE_INFOPLIST_FILE = YES;
				IPHONEOS_DEPLOYMENT_TARGET = 17.0;
				MARKETING_VERSION = 1.0;
				PRODUCT_BUNDLE_IDENTIFIER = Yasunari.Osakabe.LandmarksTests;
				PRODUCT_NAME = "$(TARGET_NAME)";
				SWIFT_EMIT_LOC_STRINGS = NO;
				SWIFT_VERSION = 5.0;
				TARGETED_DEVICE_FAMILY = "1,2";
				TEST_HOST = "$(BUILT_PRODUCTS_DIR)/Landmarks.app/$(BUNDLE_EXECUTABLE_FOLDER_PATH)/Landmarks";
			};
			name = Release;
		};
		3E8729F42C4BA8F400EDB658 /* Debug */ = {
			isa = XCBuildConfiguration;
			buildSettings = {
				ALWAYS_EMBED_SWIFT_STANDARD_LIBRARIES = YES;
				CODE_SIGN_STYLE = Automatic;
				CURRENT_PROJECT_VERSION = 1;
				DEVELOPMENT_TEAM = 7FHY9673Y8;
				GENERATE_INFOPLIST_FILE = YES;
				MARKETING_VERSION = 1.0;
				PRODUCT_BUNDLE_IDENTIFIER = Yasunari.Osakabe.LandmarksUITests;
				PRODUCT_NAME = "$(TARGET_NAME)";
				SWIFT_EMIT_LOC_STRINGS = NO;
				SWIFT_VERSION = 5.0;
				TARGETED_DEVICE_FAMILY = "1,2";
				TEST_TARGET_NAME = Landmarks;
			};
			name = Debug;
		};
		3E8729F52C4BA8F400EDB658 /* Release */ = {
			isa = XCBuildConfiguration;
			buildSettings = {
				ALWAYS_EMBED_SWIFT_STANDARD_LIBRARIES = YES;
				CODE_SIGN_STYLE = Automatic;
				CURRENT_PROJECT_VERSION = 1;
				DEVELOPMENT_TEAM = 7FHY9673Y8;
				GENERATE_INFOPLIST_FILE = YES;
				MARKETING_VERSION = 1.0;
				PRODUCT_BUNDLE_IDENTIFIER = Yasunari.Osakabe.LandmarksUITests;
				PRODUCT_NAME = "$(TARGET_NAME)";
				SWIFT_EMIT_LOC_STRINGS = NO;
				SWIFT_VERSION = 5.0;
				TARGETED_DEVICE_FAMILY = "1,2";
				TEST_TARGET_NAME = Landmarks;
			};
			name = Release;
		};
/* End XCBuildConfiguration section */

/* Begin XCConfigurationList section */
		3E8729C42C4BA8F300EDB658 /* Build configuration list for PBXProject "Landmarks" */ = {
			isa = XCConfigurationList;
			buildConfigurations = (
				3E8729EB2C4BA8F400EDB658 /* Debug */,
				3E8729EC2C4BA8F400EDB658 /* Release */,
			);
			defaultConfigurationIsVisible = 0;
			defaultConfigurationName = Release;
		};
		3E8729ED2C4BA8F400EDB658 /* Build configuration list for PBXNativeTarget "Landmarks" */ = {
			isa = XCConfigurationList;
			buildConfigurations = (
				3E8729EE2C4BA8F400EDB658 /* Debug */,
				3E8729EF2C4BA8F400EDB658 /* Release */,
			);
			defaultConfigurationIsVisible = 0;
			defaultConfigurationName = Release;
		};
		3E8729F02C4BA8F400EDB658 /* Build configuration list for PBXNativeTarget "LandmarksTests" */ = {
			isa = XCConfigurationList;
			buildConfigurations = (
				3E8729F12C4BA8F400EDB658 /* Debug */,
				3E8729F22C4BA8F400EDB658 /* Release */,
			);
			defaultConfigurationIsVisible = 0;
			defaultConfigurationName = Release;
		};
		3E8729F32C4BA8F400EDB658 /* Build configuration list for PBXNativeTarget "LandmarksUITests" */ = {
			isa = XCConfigurationList;
			buildConfigurations = (
				3E8729F42C4BA8F400EDB658 /* Debug */,
				3E8729F52C4BA8F400EDB658 /* Release */,
			);
			defaultConfigurationIsVisible = 0;
			defaultConfigurationName = Release;
		};
/* End XCConfigurationList section */
	};
	rootObject = 3E8729C12C4BA8F300EDB658 /* Project object */;
}
